PODS:
  - Alamofire (4.5.0)
  - Realm (3.0.0-beta):
    - Realm/Headers (= 3.0.0-beta)
  - Realm/Headers (3.0.0-beta)
  - RealmSwift (3.0.0-beta):
    - Realm (= 3.0.0-beta)
  - SwiftyJSON (3.1.4)

DEPENDENCIES:
  - Alamofire (~> 4.5)
  - RealmSwift (= 3.0.0-beta)
  - SwiftyJSON (~> 3.1)

SPEC CHECKSUMS:
  Alamofire: f28cdffd29de33a7bfa022cbd63ae95a27fae140
  Realm: 7b77385c9132bab2cbe65cdb76f316da43ce3b2d
  RealmSwift: 9f90214b2ea3f0eac85a583787983b0c41670283
  SwiftyJSON: c2842d878f95482ffceec5709abc3d05680c0220

PODFILE CHECKSUM: 1fe290526d873f0eafda32a8a52fabf9a09beff8

COCOAPODS: 1.2.1
