// !$*UTF8*$!
{
	archiveVersion = 1;
	classes = {
	};
	objectVersion = 46;
	objects = {

/* Begin PBXBuildFile section */
		180707691F31DBE900A9256B /* ManagerData.swift in Sources */ = {isa = PBXBuildFile; fileRef = 180707681F31DBE900A9256B /* ManagerData.swift */; };
		1807076B1F39E8BA00A9256B /* ShowNaviViewController.swift in Sources */ = {isa = PBXBuildFile; fileRef = 1807076A1F39E8BA00A9256B /* ShowNaviViewController.swift */; };
		183B4D6F1F24D25400E3ACF2 /* Utils.swift in Sources */ = {isa = PBXBuildFile; fileRef = 183B4D6E1F24D25400E3ACF2 /* Utils.swift */; };
		187E626E1F220B0E0089D3DF /* AppDelegate.swift in Sources */ = {isa = PBXBuildFile; fileRef = 187E626D1F220B0E0089D3DF /* AppDelegate.swift */; };
		187E62701F220B0E0089D3DF /* NewsListViewController.swift in Sources */ = {isa = PBXBuildFile; fileRef = 187E626F1F220B0E0089D3DF /* NewsListViewController.swift */; };
		187E62731F220B0E0089D3DF /* Main.storyboard in Resources */ = {isa = PBXBuildFile; fileRef = 187E62711F220B0E0089D3DF /* Main.storyboard */; };
		187E62761F220B0E0089D3DF /* SNApp.xcdatamodeld in Sources */ = {isa = PBXBuildFile; fileRef = 187E62741F220B0E0089D3DF /* SNApp.xcdatamodeld */; };
		187E62781F220B0E0089D3DF /* Assets.xcassets in Resources */ = {isa = PBXBuildFile; fileRef = 187E62771F220B0E0089D3DF /* Assets.xcassets */; };
		187E627B1F220B0E0089D3DF /* LaunchScreen.storyboard in Resources */ = {isa = PBXBuildFile; fileRef = 187E62791F220B0E0089D3DF /* LaunchScreen.storyboard */; };
		18852A0C1F2757A500C0EB3C /* MyTableViewCell.swift in Sources */ = {isa = PBXBuildFile; fileRef = 18852A0B1F2757A500C0EB3C /* MyTableViewCell.swift */; };
		18852A0E1F2760D700C0EB3C /* MyDetailViewController.swift in Sources */ = {isa = PBXBuildFile; fileRef = 18852A0D1F2760D700C0EB3C /* MyDetailViewController.swift */; };
		18852A101F27734000C0EB3C /* MyCollectionViewCell.swift in Sources */ = {isa = PBXBuildFile; fileRef = 18852A0F1F27733F00C0EB3C /* MyCollectionViewCell.swift */; };
		18FC70251F2DC91100B13A25 /* NewsRealm.swift in Sources */ = {isa = PBXBuildFile; fileRef = 18FC70241F2DC91100B13A25 /* NewsRealm.swift */; };
		971558694D0B2F769C1CB850 /* Pods_SNApp.framework in Frameworks */ = {isa = PBXBuildFile; fileRef = 95180F2B2FDA752C0A41D659 /* Pods_SNApp.framework */; };
/* End PBXBuildFile section */

/* Begin PBXFileReference section */
		180707681F31DBE900A9256B /* ManagerData.swift */ = {isa = PBXFileReference; fileEncoding = 4; lastKnownFileType = sourcecode.swift; path = ManagerData.swift; sourceTree = "<group>"; };
		1807076A1F39E8BA00A9256B /* ShowNaviViewController.swift */ = {isa = PBXFileReference; fileEncoding = 4; lastKnownFileType = sourcecode.swift; path = ShowNaviViewController.swift; sourceTree = "<group>"; };
		183B4D6E1F24D25400E3ACF2 /* Utils.swift */ = {isa = PBXFileReference; fileEncoding = 4; lastKnownFileType = sourcecode.swift; path = Utils.swift; sourceTree = "<group>"; };
		187E626A1F220B0E0089D3DF /* SNApp.app */ = {isa = PBXFileReference; explicitFileType = wrapper.application; includeInIndex = 0; path = SNApp.app; sourceTree = BUILT_PRODUCTS_DIR; };
		187E626D1F220B0E0089D3DF /* AppDelegate.swift */ = {isa = PBXFileReference; lastKnownFileType = sourcecode.swift; path = AppDelegate.swift; sourceTree = "<group>"; };
		187E626F1F220B0E0089D3DF /* NewsListViewController.swift */ = {isa = PBXFileReference; lastKnownFileType = sourcecode.swift; path = NewsListViewController.swift; sourceTree = "<group>"; };
		187E62721F220B0E0089D3DF /* Base */ = {isa = PBXFileReference; lastKnownFileType = file.storyboard; name = Base; path = Base.lproj/Main.storyboard; sourceTree = "<group>"; };
		187E62751F220B0E0089D3DF /* SNApp.xcdatamodel */ = {isa = PBXFileReference; lastKnownFileType = wrapper.xcdatamodel; path = SNApp.xcdatamodel; sourceTree = "<group>"; };
		187E62771F220B0E0089D3DF /* Assets.xcassets */ = {isa = PBXFileReference; lastKnownFileType = folder.assetcatalog; path = Assets.xcassets; sourceTree = "<group>"; };
		187E627A1F220B0E0089D3DF /* Base */ = {isa = PBXFileReference; lastKnownFileType = file.storyboard; name = Base; path = Base.lproj/LaunchScreen.storyboard; sourceTree = "<group>"; };
		187E627C1F220B0E0089D3DF /* Info.plist */ = {isa = PBXFileReference; lastKnownFileType = text.plist.xml; path = Info.plist; sourceTree = "<group>"; };
		18852A0B1F2757A500C0EB3C /* MyTableViewCell.swift */ = {isa = PBXFileReference; fileEncoding = 4; lastKnownFileType = sourcecode.swift; path = MyTableViewCell.swift; sourceTree = "<group>"; };
		18852A0D1F2760D700C0EB3C /* MyDetailViewController.swift */ = {isa = PBXFileReference; fileEncoding = 4; lastKnownFileType = sourcecode.swift; path = MyDetailViewController.swift; sourceTree = "<group>"; };
		18852A0F1F27733F00C0EB3C /* MyCollectionViewCell.swift */ = {isa = PBXFileReference; fileEncoding = 4; lastKnownFileType = sourcecode.swift; path = MyCollectionViewCell.swift; sourceTree = "<group>"; };
		18FC70241F2DC91100B13A25 /* NewsRealm.swift */ = {isa = PBXFileReference; fileEncoding = 4; lastKnownFileType = sourcecode.swift; path = NewsRealm.swift; sourceTree = "<group>"; };
		3992FD896EDE34DC06678455 /* Pods-SNApp.release.xcconfig */ = {isa = PBXFileReference; includeInIndex = 1; lastKnownFileType = text.xcconfig; name = "Pods-SNApp.release.xcconfig"; path = "Pods/Target Support Files/Pods-SNApp/Pods-SNApp.release.xcconfig"; sourceTree = "<group>"; };
		3F0066EAB52454D8464F5CD1 /* Pods-SNApp.debug.xcconfig */ = {isa = PBXFileReference; includeInIndex = 1; lastKnownFileType = text.xcconfig; name = "Pods-SNApp.debug.xcconfig"; path = "Pods/Target Support Files/Pods-SNApp/Pods-SNApp.debug.xcconfig"; sourceTree = "<group>"; };
		95180F2B2FDA752C0A41D659 /* Pods_SNApp.framework */ = {isa = PBXFileReference; explicitFileType = wrapper.framework; includeInIndex = 0; path = Pods_SNApp.framework; sourceTree = BUILT_PRODUCTS_DIR; };
/* End PBXFileReference section */

/* Begin PBXFrameworksBuildPhase section */
		187E62671F220B0E0089D3DF /* Frameworks */ = {
			isa = PBXFrameworksBuildPhase;
			buildActionMask = 2147483647;
			files = (
				971558694D0B2F769C1CB850 /* Pods_SNApp.framework in Frameworks */,
			);
			runOnlyForDeploymentPostprocessing = 0;
		};
/* End PBXFrameworksBuildPhase section */

/* Begin PBXGroup section */
		187E62611F220B0D0089D3DF = {
			isa = PBXGroup;
			children = (
				187E626C1F220B0E0089D3DF /* SNApp */,
				187E626B1F220B0E0089D3DF /* Products */,
				74D5B50A9ED573BA17E1953B /* Pods */,
				B54E357465AA733AA92E87DD /* Frameworks */,
			);
			sourceTree = "<group>";
		};
		187E626B1F220B0E0089D3DF /* Products */ = {
			isa = PBXGroup;
			children = (
				187E626A1F220B0E0089D3DF /* SNApp.app */,
			);
			name = Products;
			sourceTree = "<group>";
		};
		187E626C1F220B0E0089D3DF /* SNApp */ = {
			isa = PBXGroup;
			children = (
				187E626D1F220B0E0089D3DF /* AppDelegate.swift */,
				18FC70241F2DC91100B13A25 /* NewsRealm.swift */,
				180707681F31DBE900A9256B /* ManagerData.swift */,
				187E626F1F220B0E0089D3DF /* NewsListViewController.swift */,
				18852A0D1F2760D700C0EB3C /* MyDetailViewController.swift */,
				18852A0B1F2757A500C0EB3C /* MyTableViewCell.swift */,
				18852A0F1F27733F00C0EB3C /* MyCollectionViewCell.swift */,
				1807076A1F39E8BA00A9256B /* ShowNaviViewController.swift */,
				183B4D6E1F24D25400E3ACF2 /* Utils.swift */,
				187E62711F220B0E0089D3DF /* Main.storyboard */,
				187E62771F220B0E0089D3DF /* Assets.xcassets */,
				187E62791F220B0E0089D3DF /* LaunchScreen.storyboard */,
				187E627C1F220B0E0089D3DF /* Info.plist */,
				187E62741F220B0E0089D3DF /* SNApp.xcdatamodeld */,
			);
			path = SNApp;
			sourceTree = "<group>";
		};
		74D5B50A9ED573BA17E1953B /* Pods */ = {
			isa = PBXGroup;
			children = (
				3F0066EAB52454D8464F5CD1 /* Pods-SNApp.debug.xcconfig */,
				3992FD896EDE34DC06678455 /* Pods-SNApp.release.xcconfig */,
			);
			name = Pods;
			sourceTree = "<group>";
		};
		B54E357465AA733AA92E87DD /* Frameworks */ = {
			isa = PBXGroup;
			children = (
				95180F2B2FDA752C0A41D659 /* Pods_SNApp.framework */,
			);
			name = Frameworks;
			sourceTree = "<group>";
		};
/* End PBXGroup section */

/* Begin PBXNativeTarget section */
		187E62691F220B0E0089D3DF /* SNApp */ = {
			isa = PBXNativeTarget;
			buildConfigurationList = 187E627F1F220B0E0089D3DF /* Build configuration list for PBXNativeTarget "SNApp" */;
			buildPhases = (
				A40A39F9A8C5DDB4A002E4D0 /* [CP] Check Pods Manifest.lock */,
				187E62661F220B0E0089D3DF /* Sources */,
				187E62671F220B0E0089D3DF /* Frameworks */,
				187E62681F220B0E0089D3DF /* Resources */,
				96EE6F3F784A9151EF581777 /* [CP] Embed Pods Frameworks */,
				C2593655A4123813C0EAE56F /* [CP] Copy Pods Resources */,
			);
			buildRules = (
			);
			dependencies = (
			);
			name = SNApp;
			productName = SNApp;
			productReference = 187E626A1F220B0E0089D3DF /* SNApp.app */;
			productType = "com.apple.product-type.application";
		};
/* End PBXNativeTarget section */

/* Begin PBXProject section */
		187E62621F220B0D0089D3DF /* Project object */ = {
			isa = PBXProject;
			attributes = {
				LastSwiftUpdateCheck = 0830;
				LastUpgradeCheck = 0830;
				ORGANIZATIONNAME = Korona;
				TargetAttributes = {
					187E62691F220B0E0089D3DF = {
						CreatedOnToolsVersion = 8.3.3;
						ProvisioningStyle = Automatic;
					};
				};
			};
			buildConfigurationList = 187E62651F220B0D0089D3DF /* Build configuration list for PBXProject "SNApp" */;
			compatibilityVersion = "Xcode 3.2";
			developmentRegion = English;
			hasScannedForEncodings = 0;
			knownRegions = (
				en,
				Base,
			);
			mainGroup = 187E62611F220B0D0089D3DF;
			productRefGroup = 187E626B1F220B0E0089D3DF /* Products */;
			projectDirPath = "";
			projectRoot = "";
			targets = (
				187E62691F220B0E0089D3DF /* SNApp */,
			);
		};
/* End PBXProject section */

/* Begin PBXResourcesBuildPhase section */
		187E62681F220B0E0089D3DF /* Resources */ = {
			isa = PBXResourcesBuildPhase;
			buildActionMask = 2147483647;
			files = (
				187E627B1F220B0E0089D3DF /* LaunchScreen.storyboard in Resources */,
				187E62781F220B0E0089D3DF /* Assets.xcassets in Resources */,
				187E62731F220B0E0089D3DF /* Main.storyboard in Resources */,
			);
			runOnlyForDeploymentPostprocessing = 0;
		};
/* End PBXResourcesBuildPhase section */

/* Begin PBXShellScriptBuildPhase section */
		96EE6F3F784A9151EF581777 /* [CP] Embed Pods Frameworks */ = {
			isa = PBXShellScriptBuildPhase;
			buildActionMask = 2147483647;
			files = (
			);
			inputPaths = (
			);
			name = "[CP] Embed Pods Frameworks";
			outputPaths = (
			);
			runOnlyForDeploymentPostprocessing = 0;
			shellPath = /bin/sh;
			shellScript = "\"${SRCROOT}/Pods/Target Support Files/Pods-SNApp/Pods-SNApp-frameworks.sh\"\n";
			showEnvVarsInLog = 0;
		};
		A40A39F9A8C5DDB4A002E4D0 /* [CP] Check Pods Manifest.lock */ = {
			isa = PBXShellScriptBuildPhase;
			buildActionMask = 2147483647;
			files = (
			);
			inputPaths = (
			);
			name = "[CP] Check Pods Manifest.lock";
			outputPaths = (
			);
			runOnlyForDeploymentPostprocessing = 0;
			shellPath = /bin/sh;
			shellScript = "diff \"${PODS_PODFILE_DIR_PATH}/Podfile.lock\" \"${PODS_ROOT}/Manifest.lock\" > /dev/null\nif [ $? != 0 ] ; then\n    # print error to STDERR\n    echo \"error: The sandbox is not in sync with the Podfile.lock. Run 'pod install' or update your CocoaPods installation.\" >&2\n    exit 1\nfi\n";
			showEnvVarsInLog = 0;
		};
		C2593655A4123813C0EAE56F /* [CP] Copy Pods Resources */ = {
			isa = PBXShellScriptBuildPhase;
			buildActionMask = 2147483647;
			files = (
			);
			inputPaths = (
			);
			name = "[CP] Copy Pods Resources";
			outputPaths = (
			);
			runOnlyForDeploymentPostprocessing = 0;
			shellPath = /bin/sh;
			shellScript = "\"${SRCROOT}/Pods/Target Support Files/Pods-SNApp/Pods-SNApp-resources.sh\"\n";
			showEnvVarsInLog = 0;
		};
/* End PBXShellScriptBuildPhase section */

/* Begin PBXSourcesBuildPhase section */
		187E62661F220B0E0089D3DF /* Sources */ = {
			isa = PBXSourcesBuildPhase;
			buildActionMask = 2147483647;
			files = (
				187E62701F220B0E0089D3DF /* NewsListViewController.swift in Sources */,
				18852A0C1F2757A500C0EB3C /* MyTableViewCell.swift in Sources */,
				187E62761F220B0E0089D3DF /* SNApp.xcdatamodeld in Sources */,
				1807076B1F39E8BA00A9256B /* ShowNaviViewController.swift in Sources */,
				18852A0E1F2760D700C0EB3C /* MyDetailViewController.swift in Sources */,
				187E626E1F220B0E0089D3DF /* AppDelegate.swift in Sources */,
				18FC70251F2DC91100B13A25 /* NewsRealm.swift in Sources */,
				183B4D6F1F24D25400E3ACF2 /* Utils.swift in Sources */,
				18852A101F27734000C0EB3C /* MyCollectionViewCell.swift in Sources */,
				180707691F31DBE900A9256B /* ManagerData.swift in Sources */,
			);
			runOnlyForDeploymentPostprocessing = 0;
		};
/* End PBXSourcesBuildPhase section */

/* Begin PBXVariantGroup section */
		187E62711F220B0E0089D3DF /* Main.storyboard */ = {
			isa = PBXVariantGroup;
			children = (
				187E62721F220B0E0089D3DF /* Base */,
			);
			name = Main.storyboard;
			sourceTree = "<group>";
		};
		187E62791F220B0E0089D3DF /* LaunchScreen.storyboard */ = {
			isa = PBXVariantGroup;
			children = (
				187E627A1F220B0E0089D3DF /* Base */,
			);
			name = LaunchScreen.storyboard;
			sourceTree = "<group>";
		};
/* End PBXVariantGroup section */

/* Begin XCBuildConfiguration section */
		187E627D1F220B0E0089D3DF /* Debug */ = {
			isa = XCBuildConfiguration;
			buildSettings = {
				ALWAYS_SEARCH_USER_PATHS = NO;
				CLANG_ANALYZER_NONNULL = YES;
				CLANG_ANALYZER_NUMBER_OBJECT_CONVERSION = YES_AGGRESSIVE;
				CLANG_CXX_LANGUAGE_STANDARD = "gnu++0x";
				CLANG_CXX_LIBRARY = "libc++";
				CLANG_ENABLE_MODULES = YES;
				CLANG_ENABLE_OBJC_ARC = YES;
				CLANG_WARN_BOOL_CONVERSION = YES;
				CLANG_WARN_CONSTANT_CONVERSION = YES;
				CLANG_WARN_DIRECT_OBJC_ISA_USAGE = YES_ERROR;
				CLANG_WARN_DOCUMENTATION_COMMENTS = YES;
				CLANG_WARN_EMPTY_BODY = YES;
				CLANG_WARN_ENUM_CONVERSION = YES;
				CLANG_WARN_INFINITE_RECURSION = YES;
				CLANG_WARN_INT_CONVERSION = YES;
				CLANG_WARN_OBJC_ROOT_CLASS = YES_ERROR;
				CLANG_WARN_SUSPICIOUS_MOVE = YES;
				CLANG_WARN_UNREACHABLE_CODE = YES;
				CLANG_WARN__DUPLICATE_METHOD_MATCH = YES;
				"CODE_SIGN_IDENTITY[sdk=iphoneos*]" = "iPhone Developer";
				COPY_PHASE_STRIP = NO;
				DEBUG_INFORMATION_FORMAT = dwarf;
				ENABLE_STRICT_OBJC_MSGSEND = YES;
				ENABLE_TESTABILITY = YES;
				GCC_C_LANGUAGE_STANDARD = gnu99;
				GCC_DYNAMIC_NO_PIC = NO;
				GCC_NO_COMMON_BLOCKS = YES;
				GCC_OPTIMIZATION_LEVEL = 0;
				GCC_PREPROCESSOR_DEFINITIONS = (
					"DEBUG=1",
					"$(inherited)",
				);
				GCC_WARN_64_TO_32_BIT_CONVERSION = YES;
				GCC_WARN_ABOUT_RETURN_TYPE = YES_ERROR;
				GCC_WARN_UNDECLARED_SELECTOR = YES;
				GCC_WARN_UNINITIALIZED_AUTOS = YES_AGGRESSIVE;
				GCC_WARN_UNUSED_FUNCTION = YES;
				GCC_WARN_UNUSED_VARIABLE = YES;
				IPHONEOS_DEPLOYMENT_TARGET = 10.3;
				MTL_ENABLE_DEBUG_INFO = YES;
				ONLY_ACTIVE_ARCH = YES;
				SDKROOT = iphoneos;
				SWIFT_ACTIVE_COMPILATION_CONDITIONS = DEBUG;
				SWIFT_OPTIMIZATION_LEVEL = "-Onone";
				TARGETED_DEVICE_FAMILY = "1,2";
			};
			name = Debug;
		};
		187E627E1F220B0E0089D3DF /* Release */ = {
			isa = XCBuildConfiguration;
			buildSettings = {
				ALWAYS_SEARCH_USER_PATHS = NO;
				CLANG_ANALYZER_NONNULL = YES;
				CLANG_ANALYZER_NUMBER_OBJECT_CONVERSION = YES_AGGRESSIVE;
				CLANG_CXX_LANGUAGE_STANDARD = "gnu++0x";
				CLANG_CXX_LIBRARY = "libc++";
				CLANG_ENABLE_MODULES = YES;
				CLANG_ENABLE_OBJC_ARC = YES;
				CLANG_WARN_BOOL_CONVERSION = YES;
				CLANG_WARN_CONSTANT_CONVERSION = YES;
				CLANG_WARN_DIRECT_OBJC_ISA_USAGE = YES_ERROR;
				CLANG_WARN_DOCUMENTATION_COMMENTS = YES;
				CLANG_WARN_EMPTY_BODY = YES;
				CLANG_WARN_ENUM_CONVERSION = YES;
				CLANG_WARN_INFINITE_RECURSION = YES;
				CLANG_WARN_INT_CONVERSION = YES;
				CLANG_WARN_OBJC_ROOT_CLASS = YES_ERROR;
				CLANG_WARN_SUSPICIOUS_MOVE = YES;
				CLANG_WARN_UNREACHABLE_CODE = YES;
				CLANG_WARN__DUPLICATE_METHOD_MATCH = YES;
				"CODE_SIGN_IDENTITY[sdk=iphoneos*]" = "iPhone Developer";
				COPY_PHASE_STRIP = NO;
				DEBUG_INFORMATION_FORMAT = "dwarf-with-dsym";
				ENABLE_NS_ASSERTIONS = NO;
				ENABLE_STRICT_OBJC_MSGSEND = YES;
				GCC_C_LANGUAGE_STANDARD = gnu99;
				GCC_NO_COMMON_BLOCKS = YES;
				GCC_WARN_64_TO_32_BIT_CONVERSION = YES;
				GCC_WARN_ABOUT_RETURN_TYPE = YES_ERROR;
				GCC_WARN_UNDECLARED_SELECTOR = YES;
				GCC_WARN_UNINITIALIZED_AUTOS = YES_AGGRESSIVE;
				GCC_WARN_UNUSED_FUNCTION = YES;
				GCC_WARN_UNUSED_VARIABLE = YES;
				IPHONEOS_DEPLOYMENT_TARGET = 10.3;
				MTL_ENABLE_DEBUG_INFO = NO;
				SDKROOT = iphoneos;
				SWIFT_OPTIMIZATION_LEVEL = "-Owholemodule";
				TARGETED_DEVICE_FAMILY = "1,2";
				VALIDATE_PRODUCT = YES;
			};
			name = Release;
		};
		187E62801F220B0E0089D3DF /* Debug */ = {
			isa = XCBuildConfiguration;
			baseConfigurationReference = 3F0066EAB52454D8464F5CD1 /* Pods-SNApp.debug.xcconfig */;
			buildSettings = {
				ASSETCATALOG_COMPILER_APPICON_NAME = AppIcon;
				INFOPLIST_FILE = SNApp/Info.plist;
				LD_RUNPATH_SEARCH_PATHS = "$(inherited) @executable_path/Frameworks";
				PRODUCT_BUNDLE_IDENTIFIER = "-78.SNApp";
				PRODUCT_NAME = "$(TARGET_NAME)";
				SWIFT_VERSION = 3.0;
			};
			name = Debug;
		};
		187E62811F220B0E0089D3DF /* Release */ = {
			isa = XCBuildConfiguration;
			baseConfigurationReference = 3992FD896EDE34DC06678455 /* Pods-SNApp.release.xcconfig */;
			buildSettings = {
				ASSETCATALOG_COMPILER_APPICON_NAME = AppIcon;
				INFOPLIST_FILE = SNApp/Info.plist;
				LD_RUNPATH_SEARCH_PATHS = "$(inherited) @executable_path/Frameworks";
				PRODUCT_BUNDLE_IDENTIFIER = "-78.SNApp";
				PRODUCT_NAME = "$(TARGET_NAME)";
				SWIFT_VERSION = 3.0;
			};
			name = Release;
		};
/* End XCBuildConfiguration section */

/* Begin XCConfigurationList section */
		187E62651F220B0D0089D3DF /* Build configuration list for PBXProject "SNApp" */ = {
			isa = XCConfigurationList;
			buildConfigurations = (
				187E627D1F220B0E0089D3DF /* Debug */,
				187E627E1F220B0E0089D3DF /* Release */,
			);
			defaultConfigurationIsVisible = 0;
			defaultConfigurationName = Release;
		};
		187E627F1F220B0E0089D3DF /* Build configuration list for PBXNativeTarget "SNApp" */ = {
			isa = XCConfigurationList;
			buildConfigurations = (
				187E62801F220B0E0089D3DF /* Debug */,
				187E62811F220B0E0089D3DF /* Release */,
			);
			defaultConfigurationIsVisible = 0;
			defaultConfigurationName = Release;
		};
/* End XCConfigurationList section */

/* Begin XCVersionGroup section */
		187E62741F220B0E0089D3DF /* SNApp.xcdatamodeld */ = {
			isa = XCVersionGroup;
			children = (
				187E62751F220B0E0089D3DF /* SNApp.xcdatamodel */,
			);
			currentVersion = 187E62751F220B0E0089D3DF /* SNApp.xcdatamodel */;
			path = SNApp.xcdatamodeld;
			sourceTree = "<group>";
			versionGroupType = wrapper.xcdatamodel;
		};
/* End XCVersionGroup section */
	};
	rootObject = 187E62621F220B0D0089D3DF /* Project object */;
}
